// !$*UTF8*$!
{
	archiveVersion = 1;
	classes = {
	};
	objectVersion = 56;
	objects = {

/* Begin PBXBuildFile section */
		9D1E15192A646D7600AE25C7 /* ProductsAppApp.swift in Sources */ = {isa = PBXBuildFile; fileRef = 9D1E15182A646D7600AE25C7 /* ProductsAppApp.swift */; };
		9D1E151B2A646D7600AE25C7 /* ProductContentView.swift in Sources */ = {isa = PBXBuildFile; fileRef = 9D1E151A2A646D7600AE25C7 /* ProductContentView.swift */; };
		9D1E151D2A646D7800AE25C7 /* Assets.xcassets in Resources */ = {isa = PBXBuildFile; fileRef = 9D1E151C2A646D7800AE25C7 /* Assets.xcassets */; };
		9D1E15202A646D7800AE25C7 /* Preview Assets.xcassets in Resources */ = {isa = PBXBuildFile; fileRef = 9D1E151F2A646D7800AE25C7 /* Preview Assets.xcassets */; };
		9D1E152F2A646F6B00AE25C7 /* ProductsVC.swift in Sources */ = {isa = PBXBuildFile; fileRef = 9D1E152E2A646F6B00AE25C7 /* ProductsVC.swift */; };
		9D1E15312A646F9900AE25C7 /* ProductsView.swift in Sources */ = {isa = PBXBuildFile; fileRef = 9D1E15302A646F9900AE25C7 /* ProductsView.swift */; };
		9D1E15332A646FC100AE25C7 /* ProductRow.swift in Sources */ = {isa = PBXBuildFile; fileRef = 9D1E15322A646FC100AE25C7 /* ProductRow.swift */; };
		9D1E15352A64700A00AE25C7 /* ProductsModel.swift in Sources */ = {isa = PBXBuildFile; fileRef = 9D1E15342A64700A00AE25C7 /* ProductsModel.swift */; };
		9D1E15372A64704D00AE25C7 /* ProductViewModel.swift in Sources */ = {isa = PBXBuildFile; fileRef = 9D1E15362A64704D00AE25C7 /* ProductViewModel.swift */; };
		9D1E15392A64709B00AE25C7 /* NetworkManager.swift in Sources */ = {isa = PBXBuildFile; fileRef = 9D1E15382A64709B00AE25C7 /* NetworkManager.swift */; };
		9D1E153B2A6470B300AE25C7 /* NetworkManagerErrorsHandler.swift in Sources */ = {isa = PBXBuildFile; fileRef = 9D1E153A2A6470B300AE25C7 /* NetworkManagerErrorsHandler.swift */; };
		9D1E153D2A6470D600AE25C7 /* NetworkBuilder.swift in Sources */ = {isa = PBXBuildFile; fileRef = 9D1E153C2A6470D600AE25C7 /* NetworkBuilder.swift */; };
		9D1E153F2A64711C00AE25C7 /* RemoteImageUrl.swift in Sources */ = {isa = PBXBuildFile; fileRef = 9D1E153E2A64711C00AE25C7 /* RemoteImageUrl.swift */; };
		9D1E15412A64873100AE25C7 /* ProductDetails.swift in Sources */ = {isa = PBXBuildFile; fileRef = 9D1E15402A64873100AE25C7 /* ProductDetails.swift */; };
/* End PBXBuildFile section */

/* Begin PBXFileReference section */
		9D1E15152A646D7600AE25C7 /* ProductsApp.app */ = {isa = PBXFileReference; explicitFileType = wrapper.application; includeInIndex = 0; path = ProductsApp.app; sourceTree = BUILT_PRODUCTS_DIR; };
		9D1E15182A646D7600AE25C7 /* ProductsAppApp.swift */ = {isa = PBXFileReference; lastKnownFileType = sourcecode.swift; path = ProductsAppApp.swift; sourceTree = "<group>"; };
		9D1E151A2A646D7600AE25C7 /* ProductContentView.swift */ = {isa = PBXFileReference; lastKnownFileType = sourcecode.swift; path = ProductContentView.swift; sourceTree = "<group>"; };
		9D1E151C2A646D7800AE25C7 /* Assets.xcassets */ = {isa = PBXFileReference; lastKnownFileType = folder.assetcatalog; path = Assets.xcassets; sourceTree = "<group>"; };
		9D1E151F2A646D7800AE25C7 /* Preview Assets.xcassets */ = {isa = PBXFileReference; lastKnownFileType = folder.assetcatalog; path = "Preview Assets.xcassets"; sourceTree = "<group>"; };
		9D1E152E2A646F6B00AE25C7 /* ProductsVC.swift */ = {isa = PBXFileReference; lastKnownFileType = sourcecode.swift; path = ProductsVC.swift; sourceTree = "<group>"; };
		9D1E15302A646F9900AE25C7 /* ProductsView.swift */ = {isa = PBXFileReference; lastKnownFileType = sourcecode.swift; path = ProductsView.swift; sourceTree = "<group>"; };
		9D1E15322A646FC100AE25C7 /* ProductRow.swift */ = {isa = PBXFileReference; lastKnownFileType = sourcecode.swift; path = ProductRow.swift; sourceTree = "<group>"; };
		9D1E15342A64700A00AE25C7 /* ProductsModel.swift */ = {isa = PBXFileReference; lastKnownFileType = sourcecode.swift; path = ProductsModel.swift; sourceTree = "<group>"; };
		9D1E15362A64704D00AE25C7 /* ProductViewModel.swift */ = {isa = PBXFileReference; lastKnownFileType = sourcecode.swift; path = ProductViewModel.swift; sourceTree = "<group>"; };
		9D1E15382A64709B00AE25C7 /* NetworkManager.swift */ = {isa = PBXFileReference; lastKnownFileType = sourcecode.swift; path = NetworkManager.swift; sourceTree = "<group>"; };
		9D1E153A2A6470B300AE25C7 /* NetworkManagerErrorsHandler.swift */ = {isa = PBXFileReference; lastKnownFileType = sourcecode.swift; path = NetworkManagerErrorsHandler.swift; sourceTree = "<group>"; };
		9D1E153C2A6470D600AE25C7 /* NetworkBuilder.swift */ = {isa = PBXFileReference; lastKnownFileType = sourcecode.swift; path = NetworkBuilder.swift; sourceTree = "<group>"; };
		9D1E153E2A64711C00AE25C7 /* RemoteImageUrl.swift */ = {isa = PBXFileReference; lastKnownFileType = sourcecode.swift; path = RemoteImageUrl.swift; sourceTree = "<group>"; };
		9D1E15402A64873100AE25C7 /* ProductDetails.swift */ = {isa = PBXFileReference; lastKnownFileType = sourcecode.swift; path = ProductDetails.swift; sourceTree = "<group>"; };
/* End PBXFileReference section */

/* Begin PBXFrameworksBuildPhase section */
		9D1E15122A646D7600AE25C7 /* Frameworks */ = {
			isa = PBXFrameworksBuildPhase;
			buildActionMask = 2147483647;
			files = (
			);
			runOnlyForDeploymentPostprocessing = 0;
		};
/* End PBXFrameworksBuildPhase section */

/* Begin PBXGroup section */
		9D1E150C2A646D7600AE25C7 = {
			isa = PBXGroup;
			children = (
				9D1E15172A646D7600AE25C7 /* ProductsApp */,
				9D1E15162A646D7600AE25C7 /* Products */,
			);
			sourceTree = "<group>";
		};
		9D1E15162A646D7600AE25C7 /* Products */ = {
			isa = PBXGroup;
			children = (
				9D1E15152A646D7600AE25C7 /* ProductsApp.app */,
			);
			name = Products;
			sourceTree = "<group>";
		};
		9D1E15172A646D7600AE25C7 /* ProductsApp */ = {
			isa = PBXGroup;
			children = (
				9D1E15262A646E0900AE25C7 /* Main */,
				9D1E152C2A646E8D00AE25C7 /* NetworkManager */,
				9D1E152B2A646E8000AE25C7 /* NetworkBuilder */,
				9D1E15282A646E4D00AE25C7 /* Views */,
				9D1E15292A646E5E00AE25C7 /* ViewModels */,
				9D1E152D2A646E9B00AE25C7 /* Models */,
				9D1E15272A646E3B00AE25C7 /* ViewControllers */,
				9D1E152A2A646E7700AE25C7 /* Utils */,
				9D1E151C2A646D7800AE25C7 /* Assets.xcassets */,
				9D1E151E2A646D7800AE25C7 /* Preview Content */,
			);
			path = ProductsApp;
			sourceTree = "<group>";
		};
		9D1E151E2A646D7800AE25C7 /* Preview Content */ = {
			isa = PBXGroup;
			children = (
				9D1E151F2A646D7800AE25C7 /* Preview Assets.xcassets */,
			);
			path = "Preview Content";
			sourceTree = "<group>";
		};
		9D1E15262A646E0900AE25C7 /* Main */ = {
			isa = PBXGroup;
			children = (
				9D1E15182A646D7600AE25C7 /* ProductsAppApp.swift */,
				9D1E151A2A646D7600AE25C7 /* ProductContentView.swift */,
			);
			path = Main;
			sourceTree = "<group>";
		};
		9D1E15272A646E3B00AE25C7 /* ViewControllers */ = {
			isa = PBXGroup;
			children = (
				9D1E152E2A646F6B00AE25C7 /* ProductsVC.swift */,
			);
			path = ViewControllers;
			sourceTree = "<group>";
		};
		9D1E15282A646E4D00AE25C7 /* Views */ = {
			isa = PBXGroup;
			children = (
				9D1E15302A646F9900AE25C7 /* ProductsView.swift */,
				9D1E15322A646FC100AE25C7 /* ProductRow.swift */,
				9D1E15402A64873100AE25C7 /* ProductDetails.swift */,
			);
			path = Views;
			sourceTree = "<group>";
		};
		9D1E15292A646E5E00AE25C7 /* ViewModels */ = {
			isa = PBXGroup;
			children = (
				9D1E15362A64704D00AE25C7 /* ProductViewModel.swift */,
			);
			path = ViewModels;
			sourceTree = "<group>";
		};
		9D1E152A2A646E7700AE25C7 /* Utils */ = {
			isa = PBXGroup;
			children = (
				9D1E153E2A64711C00AE25C7 /* RemoteImageUrl.swift */,
			);
			path = Utils;
			sourceTree = "<group>";
		};
		9D1E152B2A646E8000AE25C7 /* NetworkBuilder */ = {
			isa = PBXGroup;
			children = (
				9D1E153C2A6470D600AE25C7 /* NetworkBuilder.swift */,
			);
			path = NetworkBuilder;
			sourceTree = "<group>";
		};
		9D1E152C2A646E8D00AE25C7 /* NetworkManager */ = {
			isa = PBXGroup;
			children = (
				9D1E15382A64709B00AE25C7 /* NetworkManager.swift */,
				9D1E153A2A6470B300AE25C7 /* NetworkManagerErrorsHandler.swift */,
			);
			path = NetworkManager;
			sourceTree = "<group>";
		};
		9D1E152D2A646E9B00AE25C7 /* Models */ = {
			isa = PBXGroup;
			children = (
				9D1E15342A64700A00AE25C7 /* ProductsModel.swift */,
			);
			path = Models;
			sourceTree = "<group>";
		};
/* End PBXGroup section */

/* Begin PBXNativeTarget section */
		9D1E15142A646D7600AE25C7 /* ProductsApp */ = {
			isa = PBXNativeTarget;
			buildConfigurationList = 9D1E15232A646D7800AE25C7 /* Build configuration list for PBXNativeTarget "ProductsApp" */;
			buildPhases = (
				9D1E15112A646D7600AE25C7 /* Sources */,
				9D1E15122A646D7600AE25C7 /* Frameworks */,
				9D1E15132A646D7600AE25C7 /* Resources */,
			);
			buildRules = (
			);
			dependencies = (
			);
			name = ProductsApp;
			productName = ProductsApp;
			productReference = 9D1E15152A646D7600AE25C7 /* ProductsApp.app */;
			productType = "com.apple.product-type.application";
		};
/* End PBXNativeTarget section */

/* Begin PBXProject section */
		9D1E150D2A646D7600AE25C7 /* Project object */ = {
			isa = PBXProject;
			attributes = {
				BuildIndependentTargetsInParallel = 1;
				LastSwiftUpdateCheck = 1500;
				LastUpgradeCheck = 1500;
				TargetAttributes = {
					9D1E15142A646D7600AE25C7 = {
						CreatedOnToolsVersion = 15.0;
					};
				};
			};
			buildConfigurationList = 9D1E15102A646D7600AE25C7 /* Build configuration list for PBXProject "ProductsApp" */;
			compatibilityVersion = "Xcode 14.0";
			developmentRegion = en;
			hasScannedForEncodings = 0;
			knownRegions = (
				en,
				Base,
			);
			mainGroup = 9D1E150C2A646D7600AE25C7;
			productRefGroup = 9D1E15162A646D7600AE25C7 /* Products */;
			projectDirPath = "";
			projectRoot = "";
			targets = (
				9D1E15142A646D7600AE25C7 /* ProductsApp */,
			);
		};
/* End PBXProject section */

/* Begin PBXResourcesBuildPhase section */
		9D1E15132A646D7600AE25C7 /* Resources */ = {
			isa = PBXResourcesBuildPhase;
			buildActionMask = 2147483647;
			files = (
				9D1E15202A646D7800AE25C7 /* Preview Assets.xcassets in Resources */,
				9D1E151D2A646D7800AE25C7 /* Assets.xcassets in Resources */,
			);
			runOnlyForDeploymentPostprocessing = 0;
		};
/* End PBXResourcesBuildPhase section */

/* Begin PBXSourcesBuildPhase section */
		9D1E15112A646D7600AE25C7 /* Sources */ = {
			isa = PBXSourcesBuildPhase;
			buildActionMask = 2147483647;
			files = (
				9D1E15372A64704D00AE25C7 /* ProductViewModel.swift in Sources */,
				9D1E15312A646F9900AE25C7 /* ProductsView.swift in Sources */,
				9D1E15352A64700A00AE25C7 /* ProductsModel.swift in Sources */,
				9D1E151B2A646D7600AE25C7 /* ProductContentView.swift in Sources */,
				9D1E15392A64709B00AE25C7 /* NetworkManager.swift in Sources */,
				9D1E15332A646FC100AE25C7 /* ProductRow.swift in Sources */,
				9D1E15192A646D7600AE25C7 /* ProductsAppApp.swift in Sources */,
				9D1E152F2A646F6B00AE25C7 /* ProductsVC.swift in Sources */,
				9D1E153F2A64711C00AE25C7 /* RemoteImageUrl.swift in Sources */,
				9D1E153D2A6470D600AE25C7 /* NetworkBuilder.swift in Sources */,
				9D1E15412A64873100AE25C7 /* ProductDetails.swift in Sources */,
				9D1E153B2A6470B300AE25C7 /* NetworkManagerErrorsHandler.swift in Sources */,
			);
			runOnlyForDeploymentPostprocessing = 0;
		};
/* End PBXSourcesBuildPhase section */

/* Begin XCBuildConfiguration section */
		9D1E15212A646D7800AE25C7 /* Debug */ = {
			isa = XCBuildConfiguration;
			buildSettings = {
				ALWAYS_SEARCH_USER_PATHS = NO;
				ASSETCATALOG_COMPILER_GENERATE_SWIFT_ASSET_SYMBOL_EXTENSIONS = YES;
				CLANG_ANALYZER_NONNULL = YES;
				CLANG_ANALYZER_NUMBER_OBJECT_CONVERSION = YES_AGGRESSIVE;
				CLANG_CXX_LANGUAGE_STANDARD = "gnu++20";
				CLANG_ENABLE_MODULES = YES;
				CLANG_ENABLE_OBJC_ARC = YES;
				CLANG_ENABLE_OBJC_WEAK = YES;
				CLANG_WARN_BLOCK_CAPTURE_AUTORELEASING = YES;
				CLANG_WARN_BOOL_CONVERSION = YES;
				CLANG_WARN_COMMA = YES;
				CLANG_WARN_CONSTANT_CONVERSION = YES;
				CLANG_WARN_DEPRECATED_OBJC_IMPLEMENTATIONS = YES;
				CLANG_WARN_DIRECT_OBJC_ISA_USAGE = YES_ERROR;
				CLANG_WARN_DOCUMENTATION_COMMENTS = YES;
				CLANG_WARN_EMPTY_BODY = YES;
				CLANG_WARN_ENUM_CONVERSION = YES;
				CLANG_WARN_INFINITE_RECURSION = YES;
				CLANG_WARN_INT_CONVERSION = YES;
				CLANG_WARN_NON_LITERAL_NULL_CONVERSION = YES;
				CLANG_WARN_OBJC_IMPLICIT_RETAIN_SELF = YES;
				CLANG_WARN_OBJC_LITERAL_CONVERSION = YES;
				CLANG_WARN_OBJC_ROOT_CLASS = YES_ERROR;
				CLANG_WARN_QUOTED_INCLUDE_IN_FRAMEWORK_HEADER = YES;
				CLANG_WARN_RANGE_LOOP_ANALYSIS = YES;
				CLANG_WARN_STRICT_PROTOTYPES = YES;
				CLANG_WARN_SUSPICIOUS_MOVE = YES;
				CLANG_WARN_UNGUARDED_AVAILABILITY = YES_AGGRESSIVE;
				CLANG_WARN_UNREACHABLE_CODE = YES;
				CLANG_WARN__DUPLICATE_METHOD_MATCH = YES;
				COPY_PHASE_STRIP = NO;
				DEBUG_INFORMATION_FORMAT = dwarf;
				ENABLE_STRICT_OBJC_MSGSEND = YES;
				ENABLE_TESTABILITY = YES;
				ENABLE_USER_SCRIPT_SANDBOXING = YES;
				GCC_C_LANGUAGE_STANDARD = gnu17;
				GCC_DYNAMIC_NO_PIC = NO;
				GCC_NO_COMMON_BLOCKS = YES;
				GCC_OPTIMIZATION_LEVEL = 0;
				GCC_PREPROCESSOR_DEFINITIONS = (
					"DEBUG=1",
					"$(inherited)",
				);
				GCC_WARN_64_TO_32_BIT_CONVERSION = YES;
				GCC_WARN_ABOUT_RETURN_TYPE = YES_ERROR;
				GCC_WARN_UNDECLARED_SELECTOR = YES;
				GCC_WARN_UNINITIALIZED_AUTOS = YES_AGGRESSIVE;
				GCC_WARN_UNUSED_FUNCTION = YES;
				GCC_WARN_UNUSED_VARIABLE = YES;
				IPHONEOS_DEPLOYMENT_TARGET = 17.0;
				LOCALIZATION_PREFERS_STRING_CATALOGS = YES;
				MTL_ENABLE_DEBUG_INFO = INCLUDE_SOURCE;
				MTL_FAST_MATH = YES;
				ONLY_ACTIVE_ARCH = YES;
				SDKROOT = iphoneos;
				SWIFT_ACTIVE_COMPILATION_CONDITIONS = "DEBUG $(inherited)";
				SWIFT_OPTIMIZATION_LEVEL = "-Onone";
			};
			name = Debug;
		};
		9D1E15222A646D7800AE25C7 /* Release */ = {
			isa = XCBuildConfiguration;
			buildSettings = {
				ALWAYS_SEARCH_USER_PATHS = NO;
				ASSETCATALOG_COMPILER_GENERATE_SWIFT_ASSET_SYMBOL_EXTENSIONS = YES;
				CLANG_ANALYZER_NONNULL = YES;
				CLANG_ANALYZER_NUMBER_OBJECT_CONVERSION = YES_AGGRESSIVE;
				CLANG_CXX_LANGUAGE_STANDARD = "gnu++20";
				CLANG_ENABLE_MODULES = YES;
				CLANG_ENABLE_OBJC_ARC = YES;
				CLANG_ENABLE_OBJC_WEAK = YES;
				CLANG_WARN_BLOCK_CAPTURE_AUTORELEASING = YES;
				CLANG_WARN_BOOL_CONVERSION = YES;
				CLANG_WARN_COMMA = YES;
				CLANG_WARN_CONSTANT_CONVERSION = YES;
				CLANG_WARN_DEPRECATED_OBJC_IMPLEMENTATIONS = YES;
				CLANG_WARN_DIRECT_OBJC_ISA_USAGE = YES_ERROR;
				CLANG_WARN_DOCUMENTATION_COMMENTS = YES;
				CLANG_WARN_EMPTY_BODY = YES;
				CLANG_WARN_ENUM_CONVERSION = YES;
				CLANG_WARN_INFINITE_RECURSION = YES;
				CLANG_WARN_INT_CONVERSION = YES;
				CLANG_WARN_NON_LITERAL_NULL_CONVERSION = YES;
				CLANG_WARN_OBJC_IMPLICIT_RETAIN_SELF = YES;
				CLANG_WARN_OBJC_LITERAL_CONVERSION = YES;
				CLANG_WARN_OBJC_ROOT_CLASS = YES_ERROR;
				CLANG_WARN_QUOTED_INCLUDE_IN_FRAMEWORK_HEADER = YES;
				CLANG_WARN_RANGE_LOOP_ANALYSIS = YES;
				CLANG_WARN_STRICT_PROTOTYPES = YES;
				CLANG_WARN_SUSPICIOUS_MOVE = YES;
				CLANG_WARN_UNGUARDED_AVAILABILITY = YES_AGGRESSIVE;
				CLANG_WARN_UNREACHABLE_CODE = YES;
				CLANG_WARN__DUPLICATE_METHOD_MATCH = YES;
				COPY_PHASE_STRIP = NO;
				DEBUG_INFORMATION_FORMAT = "dwarf-with-dsym";
				ENABLE_NS_ASSERTIONS = NO;
				ENABLE_STRICT_OBJC_MSGSEND = YES;
				ENABLE_USER_SCRIPT_SANDBOXING = YES;
				GCC_C_LANGUAGE_STANDARD = gnu17;
				GCC_NO_COMMON_BLOCKS = YES;
				GCC_WARN_64_TO_32_BIT_CONVERSION = YES;
				GCC_WARN_ABOUT_RETURN_TYPE = YES_ERROR;
				GCC_WARN_UNDECLARED_SELECTOR = YES;
				GCC_WARN_UNINITIALIZED_AUTOS = YES_AGGRESSIVE;
				GCC_WARN_UNUSED_FUNCTION = YES;
				GCC_WARN_UNUSED_VARIABLE = YES;
				IPHONEOS_DEPLOYMENT_TARGET = 17.0;
				LOCALIZATION_PREFERS_STRING_CATALOGS = YES;
				MTL_ENABLE_DEBUG_INFO = NO;
				MTL_FAST_MATH = YES;
				SDKROOT = iphoneos;
				SWIFT_COMPILATION_MODE = wholemodule;
				VALIDATE_PRODUCT = YES;
			};
			name = Release;
		};
		9D1E15242A646D7800AE25C7 /* Debug */ = {
			isa = XCBuildConfiguration;
			buildSettings = {
				ASSETCATALOG_COMPILER_APPICON_NAME = AppIcon;
				ASSETCATALOG_COMPILER_GLOBAL_ACCENT_COLOR_NAME = AccentColor;
				CODE_SIGN_STYLE = Automatic;
				CURRENT_PROJECT_VERSION = 1;
				DEVELOPMENT_ASSET_PATHS = "\"ProductsApp/Preview Content\"";
				DEVELOPMENT_TEAM = QTAJFSS658;
				ENABLE_PREVIEWS = YES;
				GENERATE_INFOPLIST_FILE = YES;
				INFOPLIST_KEY_UIApplicationSceneManifest_Generation = YES;
				INFOPLIST_KEY_UIApplicationSupportsIndirectInputEvents = YES;
				INFOPLIST_KEY_UILaunchScreen_Generation = YES;
				INFOPLIST_KEY_UISupportedInterfaceOrientations_iPad = "UIInterfaceOrientationPortrait UIInterfaceOrientationPortraitUpsideDown UIInterfaceOrientationLandscapeLeft UIInterfaceOrientationLandscapeRight";
				INFOPLIST_KEY_UISupportedInterfaceOrientations_iPhone = "UIInterfaceOrientationPortrait UIInterfaceOrientationLandscapeLeft UIInterfaceOrientationLandscapeRight";
				IPHONEOS_DEPLOYMENT_TARGET = 15.0;
				LD_RUNPATH_SEARCH_PATHS = (
					"$(inherited)",
					"@executable_path/Frameworks",
				);
				MARKETING_VERSION = 1.0;
				PRODUCT_BUNDLE_IDENTIFIER = com.GuyTwig.ProductsApp;
				PRODUCT_NAME = "$(TARGET_NAME)";
				SWIFT_EMIT_LOC_STRINGS = YES;
				SWIFT_VERSION = 5.0;
				TARGETED_DEVICE_FAMILY = "1,2";
			};
			name = Debug;
		};
		9D1E15252A646D7800AE25C7 /* Release */ = {
			isa = XCBuildConfiguration;
			buildSettings = {
				ASSETCATALOG_COMPILER_APPICON_NAME = AppIcon;
				ASSETCATALOG_COMPILER_GLOBAL_ACCENT_COLOR_NAME = AccentColor;
				CODE_SIGN_STYLE = Automatic;
				CURRENT_PROJECT_VERSION = 1;
				DEVELOPMENT_ASSET_PATHS = "\"ProductsApp/Preview Content\"";
				DEVELOPMENT_TEAM = QTAJFSS658;
				ENABLE_PREVIEWS = YES;
				GENERATE_INFOPLIST_FILE = YES;
				INFOPLIST_KEY_UIApplicationSceneManifest_Generation = YES;
				INFOPLIST_KEY_UIApplicationSupportsIndirectInputEvents = YES;
				INFOPLIST_KEY_UILaunchScreen_Generation = YES;
				INFOPLIST_KEY_UISupportedInterfaceOrientations_iPad = "UIInterfaceOrientationPortrait UIInterfaceOrientationPortraitUpsideDown UIInterfaceOrientationLandscapeLeft UIInterfaceOrientationLandscapeRight";
				INFOPLIST_KEY_UISupportedInterfaceOrientations_iPhone = "UIInterfaceOrientationPortrait UIInterfaceOrientationLandscapeLeft UIInterfaceOrientationLandscapeRight";
				IPHONEOS_DEPLOYMENT_TARGET = 15.0;
				LD_RUNPATH_SEARCH_PATHS = (
					"$(inherited)",
					"@executable_path/Frameworks",
				);
				MARKETING_VERSION = 1.0;
				PRODUCT_BUNDLE_IDENTIFIER = com.GuyTwig.ProductsApp;
				PRODUCT_NAME = "$(TARGET_NAME)";
				SWIFT_EMIT_LOC_STRINGS = YES;
				SWIFT_VERSION = 5.0;
				TARGETED_DEVICE_FAMILY = "1,2";
			};
			name = Release;
		};
/* End XCBuildConfiguration section */

/* Begin XCConfigurationList section */
		9D1E15102A646D7600AE25C7 /* Build configuration list for PBXProject "ProductsApp" */ = {
			isa = XCConfigurationList;
			buildConfigurations = (
				9D1E15212A646D7800AE25C7 /* Debug */,
				9D1E15222A646D7800AE25C7 /* Release */,
			);
			defaultConfigurationIsVisible = 0;
			defaultConfigurationName = Release;
		};
		9D1E15232A646D7800AE25C7 /* Build configuration list for PBXNativeTarget "ProductsApp" */ = {
			isa = XCConfigurationList;
			buildConfigurations = (
				9D1E15242A646D7800AE25C7 /* Debug */,
				9D1E15252A646D7800AE25C7 /* Release */,
			);
			defaultConfigurationIsVisible = 0;
			defaultConfigurationName = Release;
		};
/* End XCConfigurationList section */
	};
	rootObject = 9D1E150D2A646D7600AE25C7 /* Project object */;
}
